// !$*UTF8*$!
{
	archiveVersion = 1;
	classes = {
	};
	objectVersion = 56;
	objects = {

/* Begin PBXBuildFile section */
		BCA4A1D02987041100E1CAAC /* QuizPlanetApp.swift in Sources */ = {isa = PBXBuildFile; fileRef = BCA4A1CF2987041100E1CAAC /* QuizPlanetApp.swift */; };
		BCA4A1D22987041100E1CAAC /* HistoryView.swift in Sources */ = {isa = PBXBuildFile; fileRef = BCA4A1D12987041100E1CAAC /* HistoryView.swift */; };
		BCA4A1D42987041300E1CAAC /* Assets.xcassets in Resources */ = {isa = PBXBuildFile; fileRef = BCA4A1D32987041300E1CAAC /* Assets.xcassets */; };
		BCA4A1D72987041300E1CAAC /* Preview Assets.xcassets in Resources */ = {isa = PBXBuildFile; fileRef = BCA4A1D62987041300E1CAAC /* Preview Assets.xcassets */; };
		BCA4A1E1298705B100E1CAAC /* WelcomeView.swift in Sources */ = {isa = PBXBuildFile; fileRef = BCA4A1E0298705B100E1CAAC /* WelcomeView.swift */; };
		BCA4A1E329870B4600E1CAAC /* ArtView.swift in Sources */ = {isa = PBXBuildFile; fileRef = BCA4A1E229870B4600E1CAAC /* ArtView.swift */; };
		BCA4A1E529870B7700E1CAAC /* GeographyView.swift in Sources */ = {isa = PBXBuildFile; fileRef = BCA4A1E429870B7700E1CAAC /* GeographyView.swift */; };
		BCA4A1E729872D4E00E1CAAC /* TechnologyView.swift in Sources */ = {isa = PBXBuildFile; fileRef = BCA4A1E629872D4E00E1CAAC /* TechnologyView.swift */; };
/* End PBXBuildFile section */

/* Begin PBXFileReference section */
		BCA4A1CC2987041100E1CAAC /* QuizPlanet.app */ = {isa = PBXFileReference; explicitFileType = wrapper.application; includeInIndex = 0; path = QuizPlanet.app; sourceTree = BUILT_PRODUCTS_DIR; };
		BCA4A1CF2987041100E1CAAC /* QuizPlanetApp.swift */ = {isa = PBXFileReference; lastKnownFileType = sourcecode.swift; path = QuizPlanetApp.swift; sourceTree = "<group>"; };
		BCA4A1D12987041100E1CAAC /* HistoryView.swift */ = {isa = PBXFileReference; lastKnownFileType = sourcecode.swift; path = HistoryView.swift; sourceTree = "<group>"; };
		BCA4A1D32987041300E1CAAC /* Assets.xcassets */ = {isa = PBXFileReference; lastKnownFileType = folder.assetcatalog; path = Assets.xcassets; sourceTree = "<group>"; };
		BCA4A1D62987041300E1CAAC /* Preview Assets.xcassets */ = {isa = PBXFileReference; lastKnownFileType = folder.assetcatalog; path = "Preview Assets.xcassets"; sourceTree = "<group>"; };
		BCA4A1E0298705B100E1CAAC /* WelcomeView.swift */ = {isa = PBXFileReference; lastKnownFileType = sourcecode.swift; path = WelcomeView.swift; sourceTree = "<group>"; };
		BCA4A1E229870B4600E1CAAC /* ArtView.swift */ = {isa = PBXFileReference; lastKnownFileType = sourcecode.swift; path = ArtView.swift; sourceTree = "<group>"; };
		BCA4A1E429870B7700E1CAAC /* GeographyView.swift */ = {isa = PBXFileReference; lastKnownFileType = sourcecode.swift; path = GeographyView.swift; sourceTree = "<group>"; };
		BCA4A1E629872D4E00E1CAAC /* TechnologyView.swift */ = {isa = PBXFileReference; lastKnownFileType = sourcecode.swift; path = TechnologyView.swift; sourceTree = "<group>"; };
/* End PBXFileReference section */

/* Begin PBXFrameworksBuildPhase section */
		BCA4A1C92987041100E1CAAC /* Frameworks */ = {
			isa = PBXFrameworksBuildPhase;
			buildActionMask = 2147483647;
			files = (
			);
			runOnlyForDeploymentPostprocessing = 0;
		};
/* End PBXFrameworksBuildPhase section */

/* Begin PBXGroup section */
		BCA4A1C32987041100E1CAAC = {
			isa = PBXGroup;
			children = (
				BCA4A1CE2987041100E1CAAC /* QuizPlanet */,
				BCA4A1CD2987041100E1CAAC /* Products */,
			);
			sourceTree = "<group>";
		};
		BCA4A1CD2987041100E1CAAC /* Products */ = {
			isa = PBXGroup;
			children = (
				BCA4A1CC2987041100E1CAAC /* QuizPlanet.app */,
			);
			name = Products;
			sourceTree = "<group>";
		};
		BCA4A1CE2987041100E1CAAC /* QuizPlanet */ = {
			isa = PBXGroup;
			children = (
				BCA4A1DF2987043900E1CAAC /* Models */,
				BCA4A1DE2987042A00E1CAAC /* Views */,
				BCA4A1DD2987041700E1CAAC /* ViewModels */,
				BCA4A1CF2987041100E1CAAC /* QuizPlanetApp.swift */,
				BCA4A1D32987041300E1CAAC /* Assets.xcassets */,
				BCA4A1D52987041300E1CAAC /* Preview Content */,
			);
			path = QuizPlanet;
			sourceTree = "<group>";
		};
		BCA4A1D52987041300E1CAAC /* Preview Content */ = {
			isa = PBXGroup;
			children = (
				BCA4A1D62987041300E1CAAC /* Preview Assets.xcassets */,
			);
			path = "Preview Content";
			sourceTree = "<group>";
		};
		BCA4A1DD2987041700E1CAAC /* ViewModels */ = {
			isa = PBXGroup;
			children = (
			);
			path = ViewModels;
			sourceTree = "<group>";
		};
		BCA4A1DE2987042A00E1CAAC /* Views */ = {
			isa = PBXGroup;
			children = (
				BCA4A1E0298705B100E1CAAC /* WelcomeView.swift */,
				BCA4A1D12987041100E1CAAC /* HistoryView.swift */,
				BCA4A1E229870B4600E1CAAC /* ArtView.swift */,
				BCA4A1E429870B7700E1CAAC /* GeographyView.swift */,
				BCA4A1E629872D4E00E1CAAC /* TechnologyView.swift */,
			);
			path = Views;
			sourceTree = "<group>";
		};
		BCA4A1DF2987043900E1CAAC /* Models */ = {
			isa = PBXGroup;
			children = (
			);
			path = Models;
			sourceTree = "<group>";
		};
/* End PBXGroup section */

/* Begin PBXNativeTarget section */
		BCA4A1CB2987041100E1CAAC /* QuizPlanet */ = {
			isa = PBXNativeTarget;
			buildConfigurationList = BCA4A1DA2987041300E1CAAC /* Build configuration list for PBXNativeTarget "QuizPlanet" */;
			buildPhases = (
				BCA4A1C82987041100E1CAAC /* Sources */,
				BCA4A1C92987041100E1CAAC /* Frameworks */,
				BCA4A1CA2987041100E1CAAC /* Resources */,
			);
			buildRules = (
			);
			dependencies = (
			);
			name = QuizPlanet;
			productName = QuizPlanet;
			productReference = BCA4A1CC2987041100E1CAAC /* QuizPlanet.app */;
			productType = "com.apple.product-type.application";
		};
/* End PBXNativeTarget section */

/* Begin PBXProject section */
		BCA4A1C42987041100E1CAAC /* Project object */ = {
			isa = PBXProject;
			attributes = {
				BuildIndependentTargetsInParallel = 1;
				LastSwiftUpdateCheck = 1420;
				LastUpgradeCheck = 1420;
				TargetAttributes = {
					BCA4A1CB2987041100E1CAAC = {
						CreatedOnToolsVersion = 14.2;
					};
				};
			};
			buildConfigurationList = BCA4A1C72987041100E1CAAC /* Build configuration list for PBXProject "QuizPlanet" */;
			compatibilityVersion = "Xcode 14.0";
			developmentRegion = en;
			hasScannedForEncodings = 0;
			knownRegions = (
				en,
				Base,
			);
			mainGroup = BCA4A1C32987041100E1CAAC;
			productRefGroup = BCA4A1CD2987041100E1CAAC /* Products */;
			projectDirPath = "";
			projectRoot = "";
			targets = (
				BCA4A1CB2987041100E1CAAC /* QuizPlanet */,
			);
		};
/* End PBXProject section */

/* Begin PBXResourcesBuildPhase section */
		BCA4A1CA2987041100E1CAAC /* Resources */ = {
			isa = PBXResourcesBuildPhase;
			buildActionMask = 2147483647;
			files = (
				BCA4A1D72987041300E1CAAC /* Preview Assets.xcassets in Resources */,
				BCA4A1D42987041300E1CAAC /* Assets.xcassets in Resources */,
			);
			runOnlyForDeploymentPostprocessing = 0;
		};
/* End PBXResourcesBuildPhase section */

/* Begin PBXSourcesBuildPhase section */
		BCA4A1C82987041100E1CAAC /* Sources */ = {
			isa = PBXSourcesBuildPhase;
			buildActionMask = 2147483647;
			files = (
				BCA4A1D22987041100E1CAAC /* HistoryView.swift in Sources */,
				BCA4A1E1298705B100E1CAAC /* WelcomeView.swift in Sources */,
				BCA4A1E729872D4E00E1CAAC /* TechnologyView.swift in Sources */,
				BCA4A1E529870B7700E1CAAC /* GeographyView.swift in Sources */,
				BCA4A1E329870B4600E1CAAC /* ArtView.swift in Sources */,
				BCA4A1D02987041100E1CAAC /* QuizPlanetApp.swift in Sources */,
			);
			runOnlyForDeploymentPostprocessing = 0;
		};
/* End PBXSourcesBuildPhase section */

/* Begin XCBuildConfiguration section */
		BCA4A1D82987041300E1CAAC /* Debug */ = {
			isa = XCBuildConfiguration;
			buildSettings = {
				ALWAYS_SEARCH_USER_PATHS = NO;
				CLANG_ANALYZER_NONNULL = YES;
				CLANG_ANALYZER_NUMBER_OBJECT_CONVERSION = YES_AGGRESSIVE;
				CLANG_CXX_LANGUAGE_STANDARD = "gnu++20";
				CLANG_ENABLE_MODULES = YES;
				CLANG_ENABLE_OBJC_ARC = YES;
				CLANG_ENABLE_OBJC_WEAK = YES;
				CLANG_WARN_BLOCK_CAPTURE_AUTORELEASING = YES;
				CLANG_WARN_BOOL_CONVERSION = YES;
				CLANG_WARN_COMMA = YES;
				CLANG_WARN_CONSTANT_CONVERSION = YES;
				CLANG_WARN_DEPRECATED_OBJC_IMPLEMENTATIONS = YES;
				CLANG_WARN_DIRECT_OBJC_ISA_USAGE = YES_ERROR;
				CLANG_WARN_DOCUMENTATION_COMMENTS = YES;
				CLANG_WARN_EMPTY_BODY = YES;
				CLANG_WARN_ENUM_CONVERSION = YES;
				CLANG_WARN_INFINITE_RECURSION = YES;
				CLANG_WARN_INT_CONVERSION = YES;
				CLANG_WARN_NON_LITERAL_NULL_CONVERSION = YES;
				CLANG_WARN_OBJC_IMPLICIT_RETAIN_SELF = YES;
				CLANG_WARN_OBJC_LITERAL_CONVERSION = YES;
				CLANG_WARN_OBJC_ROOT_CLASS = YES_ERROR;
				CLANG_WARN_QUOTED_INCLUDE_IN_FRAMEWORK_HEADER = YES;
				CLANG_WARN_RANGE_LOOP_ANALYSIS = YES;
				CLANG_WARN_STRICT_PROTOTYPES = YES;
				CLANG_WARN_SUSPICIOUS_MOVE = YES;
				CLANG_WARN_UNGUARDED_AVAILABILITY = YES_AGGRESSIVE;
				CLANG_WARN_UNREACHABLE_CODE = YES;
				CLANG_WARN__DUPLICATE_METHOD_MATCH = YES;
				COPY_PHASE_STRIP = NO;
				DEBUG_INFORMATION_FORMAT = dwarf;
				ENABLE_STRICT_OBJC_MSGSEND = YES;
				ENABLE_TESTABILITY = YES;
				GCC_C_LANGUAGE_STANDARD = gnu11;
				GCC_DYNAMIC_NO_PIC = NO;
				GCC_NO_COMMON_BLOCKS = YES;
				GCC_OPTIMIZATION_LEVEL = 0;
				GCC_PREPROCESSOR_DEFINITIONS = (
					"DEBUG=1",
					"$(inherited)",
				);
				GCC_WARN_64_TO_32_BIT_CONVERSION = YES;
				GCC_WARN_ABOUT_RETURN_TYPE = YES_ERROR;
				GCC_WARN_UNDECLARED_SELECTOR = YES;
				GCC_WARN_UNINITIALIZED_AUTOS = YES_AGGRESSIVE;
				GCC_WARN_UNUSED_FUNCTION = YES;
				GCC_WARN_UNUSED_VARIABLE = YES;
				IPHONEOS_DEPLOYMENT_TARGET = 16.2;
				MTL_ENABLE_DEBUG_INFO = INCLUDE_SOURCE;
				MTL_FAST_MATH = YES;
				ONLY_ACTIVE_ARCH = YES;
				SDKROOT = iphoneos;
				SWIFT_ACTIVE_COMPILATION_CONDITIONS = DEBUG;
				SWIFT_OPTIMIZATION_LEVEL = "-Onone";
			};
			name = Debug;
		};
		BCA4A1D92987041300E1CAAC /* Release */ = {
			isa = XCBuildConfiguration;
			buildSettings = {
				ALWAYS_SEARCH_USER_PATHS = NO;
				CLANG_ANALYZER_NONNULL = YES;
				CLANG_ANALYZER_NUMBER_OBJECT_CONVERSION = YES_AGGRESSIVE;
				CLANG_CXX_LANGUAGE_STANDARD = "gnu++20";
				CLANG_ENABLE_MODULES = YES;
				CLANG_ENABLE_OBJC_ARC = YES;
				CLANG_ENABLE_OBJC_WEAK = YES;
				CLANG_WARN_BLOCK_CAPTURE_AUTORELEASING = YES;
				CLANG_WARN_BOOL_CONVERSION = YES;
				CLANG_WARN_COMMA = YES;
				CLANG_WARN_CONSTANT_CONVERSION = YES;
				CLANG_WARN_DEPRECATED_OBJC_IMPLEMENTATIONS = YES;
				CLANG_WARN_DIRECT_OBJC_ISA_USAGE = YES_ERROR;
				CLANG_WARN_DOCUMENTATION_COMMENTS = YES;
				CLANG_WARN_EMPTY_BODY = YES;
				CLANG_WARN_ENUM_CONVERSION = YES;
				CLANG_WARN_INFINITE_RECURSION = YES;
				CLANG_WARN_INT_CONVERSION = YES;
				CLANG_WARN_NON_LITERAL_NULL_CONVERSION = YES;
				CLANG_WARN_OBJC_IMPLICIT_RETAIN_SELF = YES;
				CLANG_WARN_OBJC_LITERAL_CONVERSION = YES;
				CLANG_WARN_OBJC_ROOT_CLASS = YES_ERROR;
				CLANG_WARN_QUOTED_INCLUDE_IN_FRAMEWORK_HEADER = YES;
				CLANG_WARN_RANGE_LOOP_ANALYSIS = YES;
				CLANG_WARN_STRICT_PROTOTYPES = YES;
				CLANG_WARN_SUSPICIOUS_MOVE = YES;
				CLANG_WARN_UNGUARDED_AVAILABILITY = YES_AGGRESSIVE;
				CLANG_WARN_UNREACHABLE_CODE = YES;
				CLANG_WARN__DUPLICATE_METHOD_MATCH = YES;
				COPY_PHASE_STRIP = NO;
				DEBUG_INFORMATION_FORMAT = "dwarf-with-dsym";
				ENABLE_NS_ASSERTIONS = NO;
				ENABLE_STRICT_OBJC_MSGSEND = YES;
				GCC_C_LANGUAGE_STANDARD = gnu11;
				GCC_NO_COMMON_BLOCKS = YES;
				GCC_WARN_64_TO_32_BIT_CONVERSION = YES;
				GCC_WARN_ABOUT_RETURN_TYPE = YES_ERROR;
				GCC_WARN_UNDECLARED_SELECTOR = YES;
				GCC_WARN_UNINITIALIZED_AUTOS = YES_AGGRESSIVE;
				GCC_WARN_UNUSED_FUNCTION = YES;
				GCC_WARN_UNUSED_VARIABLE = YES;
				IPHONEOS_DEPLOYMENT_TARGET = 16.2;
				MTL_ENABLE_DEBUG_INFO = NO;
				MTL_FAST_MATH = YES;
				SDKROOT = iphoneos;
				SWIFT_COMPILATION_MODE = wholemodule;
				SWIFT_OPTIMIZATION_LEVEL = "-O";
				VALIDATE_PRODUCT = YES;
			};
			name = Release;
		};
		BCA4A1DB2987041300E1CAAC /* Debug */ = {
			isa = XCBuildConfiguration;
			buildSettings = {
				ASSETCATALOG_COMPILER_APPICON_NAME = AppIcon;
				ASSETCATALOG_COMPILER_GLOBAL_ACCENT_COLOR_NAME = AccentColor;
				CODE_SIGN_STYLE = Automatic;
				CURRENT_PROJECT_VERSION = 1;
				DEVELOPMENT_ASSET_PATHS = "\"QuizPlanet/Preview Content\"";
				ENABLE_PREVIEWS = YES;
				GENERATE_INFOPLIST_FILE = YES;
				INFOPLIST_KEY_UIApplicationSceneManifest_Generation = YES;
				INFOPLIST_KEY_UIApplicationSupportsIndirectInputEvents = YES;
				INFOPLIST_KEY_UILaunchScreen_Generation = YES;
				INFOPLIST_KEY_UISupportedInterfaceOrientations_iPad = "UIInterfaceOrientationPortrait UIInterfaceOrientationPortraitUpsideDown UIInterfaceOrientationLandscapeLeft UIInterfaceOrientationLandscapeRight";
				INFOPLIST_KEY_UISupportedInterfaceOrientations_iPhone = "UIInterfaceOrientationPortrait UIInterfaceOrientationLandscapeLeft UIInterfaceOrientationLandscapeRight";
				LD_RUNPATH_SEARCH_PATHS = (
					"$(inherited)",
					"@executable_path/Frameworks",
				);
				MARKETING_VERSION = 1.0;
				PRODUCT_BUNDLE_IDENTIFIER = com.nurislamova.QuizPlanet;
				PRODUCT_NAME = "$(TARGET_NAME)";
				SWIFT_EMIT_LOC_STRINGS = YES;
				SWIFT_VERSION = 5.0;
				TARGETED_DEVICE_FAMILY = "1,2";
			};
			name = Debug;
		};
		BCA4A1DC2987041300E1CAAC /* Release */ = {
			isa = XCBuildConfiguration;
			buildSettings = {
				ASSETCATALOG_COMPILER_APPICON_NAME = AppIcon;
				ASSETCATALOG_COMPILER_GLOBAL_ACCENT_COLOR_NAME = AccentColor;
				CODE_SIGN_STYLE = Automatic;
				CURRENT_PROJECT_VERSION = 1;
				DEVELOPMENT_ASSET_PATHS = "\"QuizPlanet/Preview Content\"";
				ENABLE_PREVIEWS = YES;
				GENERATE_INFOPLIST_FILE = YES;
				INFOPLIST_KEY_UIApplicationSceneManifest_Generation = YES;
				INFOPLIST_KEY_UIApplicationSupportsIndirectInputEvents = YES;
				INFOPLIST_KEY_UILaunchScreen_Generation = YES;
				INFOPLIST_KEY_UISupportedInterfaceOrientations_iPad = "UIInterfaceOrientationPortrait UIInterfaceOrientationPortraitUpsideDown UIInterfaceOrientationLandscapeLeft UIInterfaceOrientationLandscapeRight";
				INFOPLIST_KEY_UISupportedInterfaceOrientations_iPhone = "UIInterfaceOrientationPortrait UIInterfaceOrientationLandscapeLeft UIInterfaceOrientationLandscapeRight";
				LD_RUNPATH_SEARCH_PATHS = (
					"$(inherited)",
					"@executable_path/Frameworks",
				);
				MARKETING_VERSION = 1.0;
				PRODUCT_BUNDLE_IDENTIFIER = com.nurislamova.QuizPlanet;
				PRODUCT_NAME = "$(TARGET_NAME)";
				SWIFT_EMIT_LOC_STRINGS = YES;
				SWIFT_VERSION = 5.0;
				TARGETED_DEVICE_FAMILY = "1,2";
			};
			name = Release;
		};
/* End XCBuildConfiguration section */

/* Begin XCConfigurationList section */
		BCA4A1C72987041100E1CAAC /* Build configuration list for PBXProject "QuizPlanet" */ = {
			isa = XCConfigurationList;
			buildConfigurations = (
				BCA4A1D82987041300E1CAAC /* Debug */,
				BCA4A1D92987041300E1CAAC /* Release */,
			);
			defaultConfigurationIsVisible = 0;
			defaultConfigurationName = Release;
		};
		BCA4A1DA2987041300E1CAAC /* Build configuration list for PBXNativeTarget "QuizPlanet" */ = {
			isa = XCConfigurationList;
			buildConfigurations = (
				BCA4A1DB2987041300E1CAAC /* Debug */,
				BCA4A1DC2987041300E1CAAC /* Release */,
			);
			defaultConfigurationIsVisible = 0;
			defaultConfigurationName = Release;
		};
/* End XCConfigurationList section */
	};
	rootObject = BCA4A1C42987041100E1CAAC /* Project object */;
}
